{
  "name": "knw",
  "version": "0.1.0",
  "lockfileVersion": 1,
  "requires": true,
  "dependencies": {
    "subtitles-parser": {
      "version": "0.0.2",
      "resolved": "https://registry.npmjs.org/subtitles-parser/-/subtitles-parser-0.0.2.tgz",
      "integrity": "sha1-zy/MPjl7HH+DHhNl9rPON9MVUZQ=",
      "dev": true
    }
  }
}
